
Microsoft Visual Studio Solution File, Format Version 12.00
# Visual Studio 15
VisualStudioVersion = 15.0.28307.329
MinimumVisualStudioVersion = 10.0.40219.1
Project("{8BC9CEB8-8B4A-11D0-8D11-00A0C91BC942}") = "Stack.Core", "Stack.Core\Stack.Core.vcxproj", "{1895F922-D371-4E2C-8C3C-1DBF819CF7B0}"
EndProject
Project("{8BC9CEB8-8B4A-11D0-8D11-00A0C91BC942}") = "Stack.Core.Tests", "Stack.Core.Tests\Stack.Core.Tests.vcxproj", "{9E133F49-FCB6-4B6F-ACFE-7F9F7FA552AA}"
EndProject
Global
	GlobalSection(SolutionConfigurationPlatforms) = preSolution
		Debug|x64 = Debug|x64
		Debug|x86 = Debug|x86
		Release|x64 = Release|x64
		Release|x86 = Release|x86
	EndGlobalSection
	GlobalSection(ProjectConfigurationPlatforms) = postSolution
		{1895F922-D371-4E2C-8C3C-1DBF819CF7B0}.Debug|x64.ActiveCfg = Debug|x64
		{1895F922-D371-4E2C-8C3C-1DBF819CF7B0}.Debug|x64.Build.0 = Debug|x64
		{1895F922-D371-4E2C-8C3C-1DBF819CF7B0}.Debug|x86.ActiveCfg = Debug|Win32
		{1895F922-D371-4E2C-8C3C-1DBF819CF7B0}.Debug|x86.Build.0 = Debug|Win32
		{1895F922-D371-4E2C-8C3C-1DBF819CF7B0}.Release|x64.ActiveCfg = Release|x64
		{1895F922-D371-4E2C-8C3C-1DBF819CF7B0}.Release|x64.Build.0 = Release|x64
		{1895F922-D371-4E2C-8C3C-1DBF819CF7B0}.Release|x86.ActiveCfg = Release|Win32
		{1895F922-D371-4E2C-8C3C-1DBF819CF7B0}.Release|x86.Build.0 = Release|Win32
		{9E133F49-FCB6-4B6F-ACFE-7F9F7FA552AA}.Debug|x64.ActiveCfg = Debug|x64
		{9E133F49-FCB6-4B6F-ACFE-7F9F7FA552AA}.Debug|x64.Build.0 = Debug|x64
		{9E133F49-FCB6-4B6F-ACFE-7F9F7FA552AA}.Debug|x86.ActiveCfg = Debug|Win32
		{9E133F49-FCB6-4B6F-ACFE-7F9F7FA552AA}.Debug|x86.Build.0 = Debug|Win32
		{9E133F49-FCB6-4B6F-ACFE-7F9F7FA552AA}.Release|x64.ActiveCfg = Release|x64
		{9E133F49-FCB6-4B6F-ACFE-7F9F7FA552AA}.Release|x64.Build.0 = Release|x64
		{9E133F49-FCB6-4B6F-ACFE-7F9F7FA552AA}.Release|x86.ActiveCfg = Release|Win32
		{9E133F49-FCB6-4B6F-ACFE-7F9F7FA552AA}.Release|x86.Build.0 = Release|Win32
	EndGlobalSection
	GlobalSection(SolutionProperties) = preSolution
		HideSolutionNode = FALSE
	EndGlobalSection
	GlobalSection(ExtensibilityGlobals) = postSolution
		SolutionGuid = {3B516868-F52F-4634-87AB-E47F61DCB7F2}
	EndGlobalSection
EndGlobal
